// !$*UTF8*$!
{
	archiveVersion = 1;
	classes = {
	};
	objectVersion = 70;
	objects = {

/* Begin PBXBuildFile section */
		B08B44682EF8DAF1001BD5F7 /* MeditationsDataModel.swift in Sources */ = {isa = PBXBuildFile; fileRef = B08B44672EF8DAF1001BD5F7 /* MeditationsDataModel.swift */; };
		B08B44692EF8DAF1001BD5F7 /* MeditationsDataModel.swift in Sources */ = {isa = PBXBuildFile; fileRef = B08B44672EF8DAF1001BD5F7 /* MeditationsDataModel.swift */; };
		B08B446A2EF8DAF1001BD5F7 /* MeditationsDataModel.swift in Sources */ = {isa = PBXBuildFile; fileRef = B08B44672EF8DAF1001BD5F7 /* MeditationsDataModel.swift */; };
		B08B44742EF9CF82001BD5F7 /* Launch Screen.storyboard in Resources */ = {isa = PBXBuildFile; fileRef = B08B44732EF9CF82001BD5F7 /* Launch Screen.storyboard */; };
		B08B44752EF9CF82001BD5F7 /* Launch Screen.storyboard in Resources */ = {isa = PBXBuildFile; fileRef = B08B44732EF9CF82001BD5F7 /* Launch Screen.storyboard */; };
		B08B44762EF9CF82001BD5F7 /* Launch Screen.storyboard in Resources */ = {isa = PBXBuildFile; fileRef = B08B44732EF9CF82001BD5F7 /* Launch Screen.storyboard */; };
		B096637E2E5BF1ED00A8EC91 /* BottomSheetView.swift in Sources */ = {isa = PBXBuildFile; fileRef = B096637A2E5BF1ED00A8EC91 /* BottomSheetView.swift */; };
		B096637F2E5BF1ED00A8EC91 /* MeditationPlayerView.swift in Sources */ = {isa = PBXBuildFile; fileRef = B096637B2E5BF1ED00A8EC91 /* MeditationPlayerView.swift */; };
		B09663802E5BF1ED00A8EC91 /* MeditationsListView.swift in Sources */ = {isa = PBXBuildFile; fileRef = B096637C2E5BF1ED00A8EC91 /* MeditationsListView.swift */; };
		B09663822E5BF1ED00A8EC91 /* BottomSheetView.swift in Sources */ = {isa = PBXBuildFile; fileRef = B096637A2E5BF1ED00A8EC91 /* BottomSheetView.swift */; };
		B09663832E5BF1ED00A8EC91 /* MeditationPlayerView.swift in Sources */ = {isa = PBXBuildFile; fileRef = B096637B2E5BF1ED00A8EC91 /* MeditationPlayerView.swift */; };
		B09663842E5BF1ED00A8EC91 /* MeditationsListView.swift in Sources */ = {isa = PBXBuildFile; fileRef = B096637C2E5BF1ED00A8EC91 /* MeditationsListView.swift */; };
		B09663862E5BF1ED00A8EC91 /* BottomSheetView.swift in Sources */ = {isa = PBXBuildFile; fileRef = B096637A2E5BF1ED00A8EC91 /* BottomSheetView.swift */; };
		B09663872E5BF1ED00A8EC91 /* MeditationPlayerView.swift in Sources */ = {isa = PBXBuildFile; fileRef = B096637B2E5BF1ED00A8EC91 /* MeditationPlayerView.swift */; };
		B09663882E5BF1ED00A8EC91 /* MeditationsListView.swift in Sources */ = {isa = PBXBuildFile; fileRef = B096637C2E5BF1ED00A8EC91 /* MeditationsListView.swift */; };
		B096638C2E5D3AD800A8EC91 /* MeditationCard.swift in Sources */ = {isa = PBXBuildFile; fileRef = B096638B2E5D3AD800A8EC91 /* MeditationCard.swift */; };
		B096638D2E5D3AD800A8EC91 /* MeditationCard.swift in Sources */ = {isa = PBXBuildFile; fileRef = B096638B2E5D3AD800A8EC91 /* MeditationCard.swift */; };
		B096638E2E5D3AD800A8EC91 /* MeditationCard.swift in Sources */ = {isa = PBXBuildFile; fileRef = B096638B2E5D3AD800A8EC91 /* MeditationCard.swift */; };
		B09663992E64972000A8EC91 /* MeditationDetailView.swift in Sources */ = {isa = PBXBuildFile; fileRef = B09663982E64971D00A8EC91 /* MeditationDetailView.swift */; };
		B096639A2E64972000A8EC91 /* MeditationDetailView.swift in Sources */ = {isa = PBXBuildFile; fileRef = B09663982E64971D00A8EC91 /* MeditationDetailView.swift */; };
		B096639B2E64972000A8EC91 /* MeditationDetailView.swift in Sources */ = {isa = PBXBuildFile; fileRef = B09663982E64971D00A8EC91 /* MeditationDetailView.swift */; };
		B09A70962F00506C000BF231 /* MeditationViewModel.swift in Sources */ = {isa = PBXBuildFile; fileRef = B09A70952F00506C000BF231 /* MeditationViewModel.swift */; };
		B09A70972F00506C000BF231 /* MeditationViewModel.swift in Sources */ = {isa = PBXBuildFile; fileRef = B09A70952F00506C000BF231 /* MeditationViewModel.swift */; };
		B09A70982F00506C000BF231 /* MeditationViewModel.swift in Sources */ = {isa = PBXBuildFile; fileRef = B09A70952F00506C000BF231 /* MeditationViewModel.swift */; };
		B09A709A2F0100B5000BF231 /* MeditationAudioEngine.swift in Sources */ = {isa = PBXBuildFile; fileRef = B09A70992F0100B5000BF231 /* MeditationAudioEngine.swift */; };
		B09A709B2F0100B5000BF231 /* MeditationAudioEngine.swift in Sources */ = {isa = PBXBuildFile; fileRef = B09A70992F0100B5000BF231 /* MeditationAudioEngine.swift */; };
		B09A709C2F0100B5000BF231 /* MeditationAudioEngine.swift in Sources */ = {isa = PBXBuildFile; fileRef = B09A70992F0100B5000BF231 /* MeditationAudioEngine.swift */; };
		B09A720D2F05B05D000BF231 /* AppTheme.swift in Sources */ = {isa = PBXBuildFile; fileRef = B09A720C2F05B05D000BF231 /* AppTheme.swift */; };
		B09A720E2F05B05D000BF231 /* AppTheme.swift in Sources */ = {isa = PBXBuildFile; fileRef = B09A720C2F05B05D000BF231 /* AppTheme.swift */; };
		B09A720F2F05B05D000BF231 /* AppTheme.swift in Sources */ = {isa = PBXBuildFile; fileRef = B09A720C2F05B05D000BF231 /* AppTheme.swift */; };
		B09A72112F05B094000BF231 /* VolumeSlider.swift in Sources */ = {isa = PBXBuildFile; fileRef = B09A72102F05B094000BF231 /* VolumeSlider.swift */; };
		B09A72122F05B094000BF231 /* VolumeSlider.swift in Sources */ = {isa = PBXBuildFile; fileRef = B09A72102F05B094000BF231 /* VolumeSlider.swift */; };
		B09A72132F05B094000BF231 /* VolumeSlider.swift in Sources */ = {isa = PBXBuildFile; fileRef = B09A72102F05B094000BF231 /* VolumeSlider.swift */; };
		B09A72152F05B0A4000BF231 /* LogoView.swift in Sources */ = {isa = PBXBuildFile; fileRef = B09A72142F05B0A4000BF231 /* LogoView.swift */; };
		B09A72162F05B0A4000BF231 /* LogoView.swift in Sources */ = {isa = PBXBuildFile; fileRef = B09A72142F05B0A4000BF231 /* LogoView.swift */; };
		B09A72172F05B0A4000BF231 /* LogoView.swift in Sources */ = {isa = PBXBuildFile; fileRef = B09A72142F05B0A4000BF231 /* LogoView.swift */; };
		B09A721D2F05B0DD000BF231 /* MeditationPlayerViewModel.swift in Sources */ = {isa = PBXBuildFile; fileRef = B09A721C2F05B0DD000BF231 /* MeditationPlayerViewModel.swift */; };
		B09A721E2F05B0DD000BF231 /* MeditationPlayerViewModel.swift in Sources */ = {isa = PBXBuildFile; fileRef = B09A721C2F05B0DD000BF231 /* MeditationPlayerViewModel.swift */; };
		B09A721F2F05B0DD000BF231 /* MeditationPlayerViewModel.swift in Sources */ = {isa = PBXBuildFile; fileRef = B09A721C2F05B0DD000BF231 /* MeditationPlayerViewModel.swift */; };
		B0B48B082E59FD900035A15C /* color.xcassets in Resources */ = {isa = PBXBuildFile; fileRef = B0B48B072E59FD900035A15C /* color.xcassets */; };
		B0BED60C2F12C9DB005EB989 /* ReflectionInputView.swift in Sources */ = {isa = PBXBuildFile; fileRef = B0BED60B2F12C9DB005EB989 /* ReflectionInputView.swift */; };
		B0BED60D2F12C9DB005EB989 /* ReflectionInputView.swift in Sources */ = {isa = PBXBuildFile; fileRef = B0BED60B2F12C9DB005EB989 /* ReflectionInputView.swift */; };
		B0BED60E2F12C9DB005EB989 /* ReflectionInputView.swift in Sources */ = {isa = PBXBuildFile; fileRef = B0BED60B2F12C9DB005EB989 /* ReflectionInputView.swift */; };
		B0BED6102F12D11D005EB989 /* SomaProfile.swift in Sources */ = {isa = PBXBuildFile; fileRef = B0BED60F2F12D11D005EB989 /* SomaProfile.swift */; };
		B0BED6112F12D11D005EB989 /* SomaProfile.swift in Sources */ = {isa = PBXBuildFile; fileRef = B0BED60F2F12D11D005EB989 /* SomaProfile.swift */; };
		B0BED6122F12D11D005EB989 /* SomaProfile.swift in Sources */ = {isa = PBXBuildFile; fileRef = B0BED60F2F12D11D005EB989 /* SomaProfile.swift */; };
		B0BED6222F12D917005EB989 /* AIClient.swift in Sources */ = {isa = PBXBuildFile; fileRef = B0BED6202F12D917005EB989 /* AIClient.swift */; };
		B0BED6232F12D917005EB989 /* Secrets.swift in Sources */ = {isa = PBXBuildFile; fileRef = B0BED6212F12D917005EB989 /* Secrets.swift */; };
		B0BED6242F12D917005EB989 /* AIClient.swift in Sources */ = {isa = PBXBuildFile; fileRef = B0BED6202F12D917005EB989 /* AIClient.swift */; };
		B0BED6252F12D917005EB989 /* Secrets.swift in Sources */ = {isa = PBXBuildFile; fileRef = B0BED6212F12D917005EB989 /* Secrets.swift */; };
		B0BED6262F12D917005EB989 /* AIClient.swift in Sources */ = {isa = PBXBuildFile; fileRef = B0BED6202F12D917005EB989 /* AIClient.swift */; };
		B0BED6272F12D917005EB989 /* Secrets.swift in Sources */ = {isa = PBXBuildFile; fileRef = B0BED6212F12D917005EB989 /* Secrets.swift */; };
		B0CCAD292F0AE27200B11D9D /* SettingsView.swift in Sources */ = {isa = PBXBuildFile; fileRef = B0CCAD282F0AE27200B11D9D /* SettingsView.swift */; };
		B0CCAD2A2F0AE27200B11D9D /* SettingsView.swift in Sources */ = {isa = PBXBuildFile; fileRef = B0CCAD282F0AE27200B11D9D /* SettingsView.swift */; };
		B0CCAD2B2F0AE27200B11D9D /* SettingsView.swift in Sources */ = {isa = PBXBuildFile; fileRef = B0CCAD282F0AE27200B11D9D /* SettingsView.swift */; };
		B0CCAD392F0AF9AF00B11D9D /* ProfileService.swift in Sources */ = {isa = PBXBuildFile; fileRef = B0CCAD372F0AF9AF00B11D9D /* ProfileService.swift */; };
		B0CCAD3A2F0AF9AF00B11D9D /* ProfileService.swift in Sources */ = {isa = PBXBuildFile; fileRef = B0CCAD372F0AF9AF00B11D9D /* ProfileService.swift */; };
		B0CCAD3B2F0AF9AF00B11D9D /* ProfileService.swift in Sources */ = {isa = PBXBuildFile; fileRef = B0CCAD372F0AF9AF00B11D9D /* ProfileService.swift */; };
		B0CCAD3D2F0B018B00B11D9D /* UserProfileModel.swift in Sources */ = {isa = PBXBuildFile; fileRef = B0CCAD3C2F0B018B00B11D9D /* UserProfileModel.swift */; };
		B0CCAD3E2F0B018B00B11D9D /* UserProfileModel.swift in Sources */ = {isa = PBXBuildFile; fileRef = B0CCAD3C2F0B018B00B11D9D /* UserProfileModel.swift */; };
		B0CCAD3F2F0B018B00B11D9D /* UserProfileModel.swift in Sources */ = {isa = PBXBuildFile; fileRef = B0CCAD3C2F0B018B00B11D9D /* UserProfileModel.swift */; };
		B0CCAD412F0B021E00B11D9D /* SettingsViewModel.swift in Sources */ = {isa = PBXBuildFile; fileRef = B0CCAD402F0B021E00B11D9D /* SettingsViewModel.swift */; };
		B0CCAD422F0B021E00B11D9D /* SettingsViewModel.swift in Sources */ = {isa = PBXBuildFile; fileRef = B0CCAD402F0B021E00B11D9D /* SettingsViewModel.swift */; };
		B0CCAD432F0B021E00B11D9D /* SettingsViewModel.swift in Sources */ = {isa = PBXBuildFile; fileRef = B0CCAD402F0B021E00B11D9D /* SettingsViewModel.swift */; };
		B0CCAE542F0CA4CB00B11D9D /* RippleView.swift in Sources */ = {isa = PBXBuildFile; fileRef = B0CCAE532F0CA4CB00B11D9D /* RippleView.swift */; };
		B0CCAE552F0CA4CB00B11D9D /* RippleView.swift in Sources */ = {isa = PBXBuildFile; fileRef = B0CCAE532F0CA4CB00B11D9D /* RippleView.swift */; };
		B0CCAE562F0CA4CB00B11D9D /* RippleView.swift in Sources */ = {isa = PBXBuildFile; fileRef = B0CCAE532F0CA4CB00B11D9D /* RippleView.swift */; };
		B0CCAE5D2F0CA96B00B11D9D /* Date+NaturalContext.swift in Sources */ = {isa = PBXBuildFile; fileRef = B0CCAE5B2F0CA96B00B11D9D /* Date+NaturalContext.swift */; };
		B0CCAE5E2F0CA96B00B11D9D /* Date+NaturalContext.swift in Sources */ = {isa = PBXBuildFile; fileRef = B0CCAE5B2F0CA96B00B11D9D /* Date+NaturalContext.swift */; };
		B0CCAE5F2F0CA96B00B11D9D /* Date+NaturalContext.swift in Sources */ = {isa = PBXBuildFile; fileRef = B0CCAE5B2F0CA96B00B11D9D /* Date+NaturalContext.swift */; };
		B0CCAE6B2F0CB8C900B11D9D /* PreMeditationGuidance.swift in Sources */ = {isa = PBXBuildFile; fileRef = B0CCAE6A2F0CB8C900B11D9D /* PreMeditationGuidance.swift */; };
		B0CCAE6C2F0CB8CA00B11D9D /* PreMeditationGuidance.swift in Sources */ = {isa = PBXBuildFile; fileRef = B0CCAE6A2F0CB8C900B11D9D /* PreMeditationGuidance.swift */; };
		B0CCAE6D2F0CB8CA00B11D9D /* PreMeditationGuidance.swift in Sources */ = {isa = PBXBuildFile; fileRef = B0CCAE6A2F0CB8C900B11D9D /* PreMeditationGuidance.swift */; };
		B0E2BE7E2F060CCA00C51B34 /* OutlineButton.swift in Sources */ = {isa = PBXBuildFile; fileRef = B0E2BE7D2F060CCA00C51B34 /* OutlineButton.swift */; };
		B0E2BE7F2F060CCA00C51B34 /* OutlineButton.swift in Sources */ = {isa = PBXBuildFile; fileRef = B0E2BE7D2F060CCA00C51B34 /* OutlineButton.swift */; };
		B0E2BE802F060CCA00C51B34 /* OutlineButton.swift in Sources */ = {isa = PBXBuildFile; fileRef = B0E2BE7D2F060CCA00C51B34 /* OutlineButton.swift */; };
		B0E2BE822F062E3900C51B34 /* OnboardingHScrollCard.swift in Sources */ = {isa = PBXBuildFile; fileRef = B0E2BE812F062E3900C51B34 /* OnboardingHScrollCard.swift */; };
		B0E2BE832F062E3900C51B34 /* OnboardingHScrollCard.swift in Sources */ = {isa = PBXBuildFile; fileRef = B0E2BE812F062E3900C51B34 /* OnboardingHScrollCard.swift */; };
		B0E2BE842F062E3900C51B34 /* OnboardingHScrollCard.swift in Sources */ = {isa = PBXBuildFile; fileRef = B0E2BE812F062E3900C51B34 /* OnboardingHScrollCard.swift */; };
		B0E2BE862F06332900C51B34 /* OnboardingHScroll.swift in Sources */ = {isa = PBXBuildFile; fileRef = B0E2BE852F06332900C51B34 /* OnboardingHScroll.swift */; };
		B0E2BE872F06332900C51B34 /* OnboardingHScroll.swift in Sources */ = {isa = PBXBuildFile; fileRef = B0E2BE852F06332900C51B34 /* OnboardingHScroll.swift */; };
		B0E2BE882F06332900C51B34 /* OnboardingHScroll.swift in Sources */ = {isa = PBXBuildFile; fileRef = B0E2BE852F06332900C51B34 /* OnboardingHScroll.swift */; };
		B0E2BE8A2F06C79F00C51B34 /* OnboardingHScrollViewModel.swift in Sources */ = {isa = PBXBuildFile; fileRef = B0E2BE892F06C79400C51B34 /* OnboardingHScrollViewModel.swift */; };
		B0E2BE8B2F06C79F00C51B34 /* OnboardingHScrollViewModel.swift in Sources */ = {isa = PBXBuildFile; fileRef = B0E2BE892F06C79400C51B34 /* OnboardingHScrollViewModel.swift */; };
		B0E2BE8C2F06C79F00C51B34 /* OnboardingHScrollViewModel.swift in Sources */ = {isa = PBXBuildFile; fileRef = B0E2BE892F06C79400C51B34 /* OnboardingHScrollViewModel.swift */; };
		B0E2BE962F06C94800C51B34 /* OnboardingHScrollDataModel.swift in Sources */ = {isa = PBXBuildFile; fileRef = B0E2BE952F06C94800C51B34 /* OnboardingHScrollDataModel.swift */; };
		B0E2BE972F06C94800C51B34 /* OnboardingHScrollDataModel.swift in Sources */ = {isa = PBXBuildFile; fileRef = B0E2BE952F06C94800C51B34 /* OnboardingHScrollDataModel.swift */; };
		B0E2BE982F06C94800C51B34 /* OnboardingHScrollDataModel.swift in Sources */ = {isa = PBXBuildFile; fileRef = B0E2BE952F06C94800C51B34 /* OnboardingHScrollDataModel.swift */; };
		B0E2BE9A2F06E82300C51B34 /* AuthView.swift in Sources */ = {isa = PBXBuildFile; fileRef = B0E2BE992F06E82300C51B34 /* AuthView.swift */; };
		B0E2BE9B2F06E82300C51B34 /* AuthView.swift in Sources */ = {isa = PBXBuildFile; fileRef = B0E2BE992F06E82300C51B34 /* AuthView.swift */; };
		B0E2BE9C2F06E82300C51B34 /* AuthView.swift in Sources */ = {isa = PBXBuildFile; fileRef = B0E2BE992F06E82300C51B34 /* AuthView.swift */; };
		B0E2BE9E2F071F3500C51B34 /* SafariView.swift in Sources */ = {isa = PBXBuildFile; fileRef = B0E2BE9D2F071F3500C51B34 /* SafariView.swift */; };
		B0E2BE9F2F071F3500C51B34 /* SafariView.swift in Sources */ = {isa = PBXBuildFile; fileRef = B0E2BE9D2F071F3500C51B34 /* SafariView.swift */; };
		B0E2BEA02F071F3500C51B34 /* SafariView.swift in Sources */ = {isa = PBXBuildFile; fileRef = B0E2BE9D2F071F3500C51B34 /* SafariView.swift */; };
		B0E2BEB42F08A37A00C51B34 /* FirebaseAnalytics in Frameworks */ = {isa = PBXBuildFile; productRef = B0E2BEB32F08A37A00C51B34 /* FirebaseAnalytics */; };
		B0E2BEB62F08A37A00C51B34 /* FirebaseAuth in Frameworks */ = {isa = PBXBuildFile; productRef = B0E2BEB52F08A37A00C51B34 /* FirebaseAuth */; };
		B0E2BEB82F08A37A00C51B34 /* FirebaseFirestore in Frameworks */ = {isa = PBXBuildFile; productRef = B0E2BEB72F08A37A00C51B34 /* FirebaseFirestore */; };
		B0E2BEBA2F08A52200C51B34 /* AppDelegate.swift in Sources */ = {isa = PBXBuildFile; fileRef = B0E2BEB92F08A52200C51B34 /* AppDelegate.swift */; };
		B0E2BEBB2F08A52200C51B34 /* AppDelegate.swift in Sources */ = {isa = PBXBuildFile; fileRef = B0E2BEB92F08A52200C51B34 /* AppDelegate.swift */; };
		B0E2BEBC2F08A52200C51B34 /* AppDelegate.swift in Sources */ = {isa = PBXBuildFile; fileRef = B0E2BEB92F08A52200C51B34 /* AppDelegate.swift */; };
		B0E2BEBE2F08A5F700C51B34 /* GoogleService-Info.plist in Resources */ = {isa = PBXBuildFile; fileRef = B0E2BEBD2F08A5F700C51B34 /* GoogleService-Info.plist */; };
		B0E2BEBF2F08A5F700C51B34 /* GoogleService-Info.plist in Resources */ = {isa = PBXBuildFile; fileRef = B0E2BEBD2F08A5F700C51B34 /* GoogleService-Info.plist */; };
		B0E2BEC02F08A5F700C51B34 /* GoogleService-Info.plist in Resources */ = {isa = PBXBuildFile; fileRef = B0E2BEBD2F08A5F700C51B34 /* GoogleService-Info.plist */; };
		B0E2BEC42F08A78500C51B34 /* Info.plist in Resources */ = {isa = PBXBuildFile; fileRef = B0E2BEC22F08A78500C51B34 /* Info.plist */; };
		B0E2BEC52F08A78500C51B34 /* Info.plist in Resources */ = {isa = PBXBuildFile; fileRef = B0E2BEC22F08A78500C51B34 /* Info.plist */; };
		B0F4D3EF2E42E4CC0047476A /* inaraApp.swift in Sources */ = {isa = PBXBuildFile; fileRef = B0F4D3EE2E42E4CC0047476A /* inaraApp.swift */; };
		B0F4D3F12E42E4CC0047476A /* ContentView.swift in Sources */ = {isa = PBXBuildFile; fileRef = B0F4D3F02E42E4CC0047476A /* ContentView.swift */; };
		B0F4D3F32E42E4CE0047476A /* Assets.xcassets in Resources */ = {isa = PBXBuildFile; fileRef = B0F4D3F22E42E4CE0047476A /* Assets.xcassets */; };
		B0F4D3F62E42E4CE0047476A /* Preview Assets.xcassets in Resources */ = {isa = PBXBuildFile; fileRef = B0F4D3F52E42E4CE0047476A /* Preview Assets.xcassets */; };
		B0F4D4002E42E4CF0047476A /* inaraTests.swift in Sources */ = {isa = PBXBuildFile; fileRef = B0F4D3FF2E42E4CF0047476A /* inaraTests.swift */; };
		B0F4D40A2E42E4CF0047476A /* inaraUITests.swift in Sources */ = {isa = PBXBuildFile; fileRef = B0F4D4092E42E4CF0047476A /* inaraUITests.swift */; };
		B0F4D40C2E42E4CF0047476A /* inaraUITestsLaunchTests.swift in Sources */ = {isa = PBXBuildFile; fileRef = B0F4D40B2E42E4CF0047476A /* inaraUITestsLaunchTests.swift */; };
/* End PBXBuildFile section */

/* Begin PBXContainerItemProxy section */
		B0F4D3FC2E42E4CF0047476A /* PBXContainerItemProxy */ = {
			isa = PBXContainerItemProxy;
			containerPortal = B0F4D3E32E42E4CC0047476A /* Project object */;
			proxyType = 1;
			remoteGlobalIDString = B0F4D3EA2E42E4CC0047476A;
			remoteInfo = inara;
		};
		B0F4D4062E42E4CF0047476A /* PBXContainerItemProxy */ = {
			isa = PBXContainerItemProxy;
			containerPortal = B0F4D3E32E42E4CC0047476A /* Project object */;
			proxyType = 1;
			remoteGlobalIDString = B0F4D3EA2E42E4CC0047476A;
			remoteInfo = inara;
		};
/* End PBXContainerItemProxy section */

/* Begin PBXFileReference section */
		B08B44672EF8DAF1001BD5F7 /* MeditationsDataModel.swift */ = {isa = PBXFileReference; lastKnownFileType = sourcecode.swift; path = MeditationsDataModel.swift; sourceTree = "<group>"; };
		B08B44732EF9CF82001BD5F7 /* Launch Screen.storyboard */ = {isa = PBXFileReference; lastKnownFileType = file.storyboard; path = "Launch Screen.storyboard"; sourceTree = "<group>"; };
		B096637A2E5BF1ED00A8EC91 /* BottomSheetView.swift */ = {isa = PBXFileReference; lastKnownFileType = sourcecode.swift; path = BottomSheetView.swift; sourceTree = "<group>"; };
		B096637B2E5BF1ED00A8EC91 /* MeditationPlayerView.swift */ = {isa = PBXFileReference; lastKnownFileType = sourcecode.swift; path = MeditationPlayerView.swift; sourceTree = "<group>"; };
		B096637C2E5BF1ED00A8EC91 /* MeditationsListView.swift */ = {isa = PBXFileReference; lastKnownFileType = sourcecode.swift; path = MeditationsListView.swift; sourceTree = "<group>"; };
		B096638B2E5D3AD800A8EC91 /* MeditationCard.swift */ = {isa = PBXFileReference; lastKnownFileType = sourcecode.swift; path = MeditationCard.swift; sourceTree = "<group>"; };
		B09663982E64971D00A8EC91 /* MeditationDetailView.swift */ = {isa = PBXFileReference; lastKnownFileType = sourcecode.swift; path = MeditationDetailView.swift; sourceTree = "<group>"; };
		B09663A62E6D18E100A8EC91 /* Info.plist */ = {isa = PBXFileReference; lastKnownFileType = text.plist; path = Info.plist; sourceTree = "<group>"; };
		B09A70952F00506C000BF231 /* MeditationViewModel.swift */ = {isa = PBXFileReference; lastKnownFileType = sourcecode.swift; path = MeditationViewModel.swift; sourceTree = "<group>"; };
		B09A70992F0100B5000BF231 /* MeditationAudioEngine.swift */ = {isa = PBXFileReference; lastKnownFileType = sourcecode.swift; path = MeditationAudioEngine.swift; sourceTree = "<group>"; };
		B09A720C2F05B05D000BF231 /* AppTheme.swift */ = {isa = PBXFileReference; lastKnownFileType = sourcecode.swift; path = AppTheme.swift; sourceTree = "<group>"; };
		B09A72102F05B094000BF231 /* VolumeSlider.swift */ = {isa = PBXFileReference; lastKnownFileType = sourcecode.swift; path = VolumeSlider.swift; sourceTree = "<group>"; };
		B09A72142F05B0A4000BF231 /* LogoView.swift */ = {isa = PBXFileReference; lastKnownFileType = sourcecode.swift; path = LogoView.swift; sourceTree = "<group>"; };
		B09A721C2F05B0DD000BF231 /* MeditationPlayerViewModel.swift */ = {isa = PBXFileReference; lastKnownFileType = sourcecode.swift; path = MeditationPlayerViewModel.swift; sourceTree = "<group>"; };
		B0B48B072E59FD900035A15C /* color.xcassets */ = {isa = PBXFileReference; lastKnownFileType = folder.assetcatalog; path = color.xcassets; sourceTree = "<group>"; };
		B0BED60B2F12C9DB005EB989 /* ReflectionInputView.swift */ = {isa = PBXFileReference; lastKnownFileType = sourcecode.swift; path = ReflectionInputView.swift; sourceTree = "<group>"; };
		B0BED60F2F12D11D005EB989 /* SomaProfile.swift */ = {isa = PBXFileReference; lastKnownFileType = sourcecode.swift; path = SomaProfile.swift; sourceTree = "<group>"; };
		B0BED6202F12D917005EB989 /* AIClient.swift */ = {isa = PBXFileReference; lastKnownFileType = sourcecode.swift; path = AIClient.swift; sourceTree = "<group>"; };
		B0BED6212F12D917005EB989 /* Secrets.swift */ = {isa = PBXFileReference; lastKnownFileType = sourcecode.swift; path = Secrets.swift; sourceTree = "<group>"; };
		B0CCAD282F0AE27200B11D9D /* SettingsView.swift */ = {isa = PBXFileReference; lastKnownFileType = sourcecode.swift; path = SettingsView.swift; sourceTree = "<group>"; };
		B0CCAD372F0AF9AF00B11D9D /* ProfileService.swift */ = {isa = PBXFileReference; lastKnownFileType = sourcecode.swift; path = ProfileService.swift; sourceTree = "<group>"; };
		B0CCAD3C2F0B018B00B11D9D /* UserProfileModel.swift */ = {isa = PBXFileReference; lastKnownFileType = sourcecode.swift; path = UserProfileModel.swift; sourceTree = "<group>"; };
		B0CCAD402F0B021E00B11D9D /* SettingsViewModel.swift */ = {isa = PBXFileReference; lastKnownFileType = sourcecode.swift; path = SettingsViewModel.swift; sourceTree = "<group>"; };
		B0CCAE532F0CA4CB00B11D9D /* RippleView.swift */ = {isa = PBXFileReference; lastKnownFileType = sourcecode.swift; path = RippleView.swift; sourceTree = "<group>"; };
		B0CCAE5B2F0CA96B00B11D9D /* Date+NaturalContext.swift */ = {isa = PBXFileReference; lastKnownFileType = sourcecode.swift; path = "Date+NaturalContext.swift"; sourceTree = "<group>"; };
		B0CCAE6A2F0CB8C900B11D9D /* PreMeditationGuidance.swift */ = {isa = PBXFileReference; lastKnownFileType = sourcecode.swift; path = PreMeditationGuidance.swift; sourceTree = "<group>"; };
		B0E2BE7D2F060CCA00C51B34 /* OutlineButton.swift */ = {isa = PBXFileReference; lastKnownFileType = sourcecode.swift; path = OutlineButton.swift; sourceTree = "<group>"; };
		B0E2BE812F062E3900C51B34 /* OnboardingHScrollCard.swift */ = {isa = PBXFileReference; lastKnownFileType = sourcecode.swift; path = OnboardingHScrollCard.swift; sourceTree = "<group>"; };
		B0E2BE852F06332900C51B34 /* OnboardingHScroll.swift */ = {isa = PBXFileReference; lastKnownFileType = sourcecode.swift; path = OnboardingHScroll.swift; sourceTree = "<group>"; };
		B0E2BE892F06C79400C51B34 /* OnboardingHScrollViewModel.swift */ = {isa = PBXFileReference; lastKnownFileType = sourcecode.swift; path = OnboardingHScrollViewModel.swift; sourceTree = "<group>"; };
		B0E2BE952F06C94800C51B34 /* OnboardingHScrollDataModel.swift */ = {isa = PBXFileReference; lastKnownFileType = sourcecode.swift; path = OnboardingHScrollDataModel.swift; sourceTree = "<group>"; };
		B0E2BE992F06E82300C51B34 /* AuthView.swift */ = {isa = PBXFileReference; lastKnownFileType = sourcecode.swift; path = AuthView.swift; sourceTree = "<group>"; };
		B0E2BE9D2F071F3500C51B34 /* SafariView.swift */ = {isa = PBXFileReference; lastKnownFileType = sourcecode.swift; path = SafariView.swift; sourceTree = "<group>"; };
		B0E2BEA52F0741D600C51B34 /* inara.entitlements */ = {isa = PBXFileReference; lastKnownFileType = text.plist.entitlements; path = inara.entitlements; sourceTree = "<group>"; };
		B0E2BEB92F08A52200C51B34 /* AppDelegate.swift */ = {isa = PBXFileReference; lastKnownFileType = sourcecode.swift; path = AppDelegate.swift; sourceTree = "<group>"; };
		B0E2BEBD2F08A5F700C51B34 /* GoogleService-Info.plist */ = {isa = PBXFileReference; lastKnownFileType = text.plist.xml; path = "GoogleService-Info.plist"; sourceTree = "<group>"; };
		B0E2BEC22F08A78500C51B34 /* Info.plist */ = {isa = PBXFileReference; lastKnownFileType = text.plist.xml; path = Info.plist; sourceTree = "<group>"; };
		B0F4D3EB2E42E4CC0047476A /* inara.app */ = {isa = PBXFileReference; explicitFileType = wrapper.application; includeInIndex = 0; path = inara.app; sourceTree = BUILT_PRODUCTS_DIR; };
		B0F4D3EE2E42E4CC0047476A /* inaraApp.swift */ = {isa = PBXFileReference; lastKnownFileType = sourcecode.swift; path = inaraApp.swift; sourceTree = "<group>"; };
		B0F4D3F02E42E4CC0047476A /* ContentView.swift */ = {isa = PBXFileReference; lastKnownFileType = sourcecode.swift; path = ContentView.swift; sourceTree = "<group>"; };
		B0F4D3F22E42E4CE0047476A /* Assets.xcassets */ = {isa = PBXFileReference; lastKnownFileType = folder.assetcatalog; path = Assets.xcassets; sourceTree = "<group>"; };
		B0F4D3F52E42E4CE0047476A /* Preview Assets.xcassets */ = {isa = PBXFileReference; lastKnownFileType = folder.assetcatalog; path = "Preview Assets.xcassets"; sourceTree = "<group>"; };
		B0F4D3FB2E42E4CF0047476A /* inaraTests.xctest */ = {isa = PBXFileReference; explicitFileType = wrapper.cfbundle; includeInIndex = 0; path = inaraTests.xctest; sourceTree = BUILT_PRODUCTS_DIR; };
		B0F4D3FF2E42E4CF0047476A /* inaraTests.swift */ = {isa = PBXFileReference; lastKnownFileType = sourcecode.swift; path = inaraTests.swift; sourceTree = "<group>"; };
		B0F4D4052E42E4CF0047476A /* inaraUITests.xctest */ = {isa = PBXFileReference; explicitFileType = wrapper.cfbundle; includeInIndex = 0; path = inaraUITests.xctest; sourceTree = BUILT_PRODUCTS_DIR; };
		B0F4D4092E42E4CF0047476A /* inaraUITests.swift */ = {isa = PBXFileReference; lastKnownFileType = sourcecode.swift; path = inaraUITests.swift; sourceTree = "<group>"; };
		B0F4D40B2E42E4CF0047476A /* inaraUITestsLaunchTests.swift */ = {isa = PBXFileReference; lastKnownFileType = sourcecode.swift; path = inaraUITestsLaunchTests.swift; sourceTree = "<group>"; };
/* End PBXFileReference section */

/* Begin PBXFileSystemSynchronizedRootGroup section */
		B096647E2E6DEEA200A8EC91 /* audio */ = {isa = PBXFileSystemSynchronizedRootGroup; explicitFileTypes = {}; explicitFolders = (); path = audio; sourceTree = "<group>"; };
		B0BED61B2F12D5C2005EB989 /* AI */ = {isa = PBXFileSystemSynchronizedRootGroup; explicitFileTypes = {}; explicitFolders = (); path = AI; sourceTree = "<group>"; };
/* End PBXFileSystemSynchronizedRootGroup section */

/* Begin PBXFrameworksBuildPhase section */
		B0F4D3E82E42E4CC0047476A /* Frameworks */ = {
			isa = PBXFrameworksBuildPhase;
			buildActionMask = 2147483647;
			files = (
				B0E2BEB42F08A37A00C51B34 /* FirebaseAnalytics in Frameworks */,
				B0E2BEB62F08A37A00C51B34 /* FirebaseAuth in Frameworks */,
				B0E2BEB82F08A37A00C51B34 /* FirebaseFirestore in Frameworks */,
			);
			runOnlyForDeploymentPostprocessing = 0;
		};
		B0F4D3F82E42E4CF0047476A /* Frameworks */ = {
			isa = PBXFrameworksBuildPhase;
			buildActionMask = 2147483647;
			files = (
			);
			runOnlyForDeploymentPostprocessing = 0;
		};
		B0F4D4022E42E4CF0047476A /* Frameworks */ = {
			isa = PBXFrameworksBuildPhase;
			buildActionMask = 2147483647;
			files = (
			);
			runOnlyForDeploymentPostprocessing = 0;
		};
/* End PBXFrameworksBuildPhase section */

/* Begin PBXGroup section */
		B08B44772EFA5283001BD5F7 /* Model */ = {
			isa = PBXGroup;
			children = (
				B0BED60F2F12D11D005EB989 /* SomaProfile.swift */,
				B0CCAD3C2F0B018B00B11D9D /* UserProfileModel.swift */,
				B08B44672EF8DAF1001BD5F7 /* MeditationsDataModel.swift */,
				B09A70992F0100B5000BF231 /* MeditationAudioEngine.swift */,
				B0E2BE952F06C94800C51B34 /* OnboardingHScrollDataModel.swift */,
			);
			path = Model;
			sourceTree = "<group>";
		};
		B08B44782EFA5293001BD5F7 /* Views */ = {
			isa = PBXGroup;
			children = (
				B0BED60B2F12C9DB005EB989 /* ReflectionInputView.swift */,
				B096637A2E5BF1ED00A8EC91 /* BottomSheetView.swift */,
				B096637B2E5BF1ED00A8EC91 /* MeditationPlayerView.swift */,
				B09663982E64971D00A8EC91 /* MeditationDetailView.swift */,
				B0F4D3F02E42E4CC0047476A /* ContentView.swift */,
				B096637C2E5BF1ED00A8EC91 /* MeditationsListView.swift */,
				B09A72142F05B0A4000BF231 /* LogoView.swift */,
				B0E2BE992F06E82300C51B34 /* AuthView.swift */,
				B0E2BE9D2F071F3500C51B34 /* SafariView.swift */,
				B0CCAD282F0AE27200B11D9D /* SettingsView.swift */,
				B08B44792EFA52AA001BD5F7 /* Components */,
			);
			path = Views;
			sourceTree = "<group>";
		};
		B08B44792EFA52AA001BD5F7 /* Components */ = {
			isa = PBXGroup;
			children = (
				B0CCAE532F0CA4CB00B11D9D /* RippleView.swift */,
				B096638B2E5D3AD800A8EC91 /* MeditationCard.swift */,
				B09A72102F05B094000BF231 /* VolumeSlider.swift */,
				B0E2BE7D2F060CCA00C51B34 /* OutlineButton.swift */,
				B0E2BE812F062E3900C51B34 /* OnboardingHScrollCard.swift */,
				B0E2BE852F06332900C51B34 /* OnboardingHScroll.swift */,
				B0CCAE6A2F0CB8C900B11D9D /* PreMeditationGuidance.swift */,
			);
			path = Components;
			sourceTree = "<group>";
		};
		B09A70942F004F4C000BF231 /* ViewModel */ = {
			isa = PBXGroup;
			children = (
				B0CCAD402F0B021E00B11D9D /* SettingsViewModel.swift */,
				B0E2BE892F06C79400C51B34 /* OnboardingHScrollViewModel.swift */,
				B09A70952F00506C000BF231 /* MeditationViewModel.swift */,
				B09A721C2F05B0DD000BF231 /* MeditationPlayerViewModel.swift */,
			);
			path = ViewModel;
			sourceTree = "<group>";
		};
		B0CCAD382F0AF9AF00B11D9D /* Services */ = {
			isa = PBXGroup;
			children = (
				B0BED6202F12D917005EB989 /* AIClient.swift */,
				B0BED6212F12D917005EB989 /* Secrets.swift */,
				B0CCAD372F0AF9AF00B11D9D /* ProfileService.swift */,
			);
			path = Services;
			sourceTree = "<group>";
		};
		B0CCAE5C2F0CA96B00B11D9D /* Extensions */ = {
			isa = PBXGroup;
			children = (
				B0CCAE5B2F0CA96B00B11D9D /* Date+NaturalContext.swift */,
			);
			path = Extensions;
			sourceTree = "<group>";
		};
		B0F4D3E22E42E4CC0047476A = {
			isa = PBXGroup;
			children = (
				B0F4D3ED2E42E4CC0047476A /* inara */,
				B0F4D3FE2E42E4CF0047476A /* inaraTests */,
				B0F4D4082E42E4CF0047476A /* inaraUITests */,
				B0F4D3EC2E42E4CC0047476A /* Products */,
				B0E2BEBD2F08A5F700C51B34 /* GoogleService-Info.plist */,
				B0E2BEC22F08A78500C51B34 /* Info.plist */,
			);
			sourceTree = "<group>";
		};
		B0F4D3EC2E42E4CC0047476A /* Products */ = {
			isa = PBXGroup;
			children = (
				B0F4D3EB2E42E4CC0047476A /* inara.app */,
				B0F4D3FB2E42E4CF0047476A /* inaraTests.xctest */,
				B0F4D4052E42E4CF0047476A /* inaraUITests.xctest */,
			);
			name = Products;
			sourceTree = "<group>";
		};
		B0F4D3ED2E42E4CC0047476A /* inara */ = {
			isa = PBXGroup;
			children = (
				B0BED61B2F12D5C2005EB989 /* AI */,
				B0CCAE5C2F0CA96B00B11D9D /* Extensions */,
				B0CCAD382F0AF9AF00B11D9D /* Services */,
				B0E2BEA52F0741D600C51B34 /* inara.entitlements */,
				B09A70942F004F4C000BF231 /* ViewModel */,
				B08B44782EFA5293001BD5F7 /* Views */,
				B08B44772EFA5283001BD5F7 /* Model */,
				B09663A62E6D18E100A8EC91 /* Info.plist */,
				B0F4D3EE2E42E4CC0047476A /* inaraApp.swift */,
				B08B44732EF9CF82001BD5F7 /* Launch Screen.storyboard */,
				B0F4D3F22E42E4CE0047476A /* Assets.xcassets */,
				B0B48B072E59FD900035A15C /* color.xcassets */,
				B0F4D3F42E42E4CE0047476A /* Preview Content */,
				B096647E2E6DEEA200A8EC91 /* audio */,
				B09A720C2F05B05D000BF231 /* AppTheme.swift */,
				B0E2BEB92F08A52200C51B34 /* AppDelegate.swift */,
			);
			path = inara;
			sourceTree = "<group>";
		};
		B0F4D3F42E42E4CE0047476A /* Preview Content */ = {
			isa = PBXGroup;
			children = (
				B0F4D3F52E42E4CE0047476A /* Preview Assets.xcassets */,
			);
			path = "Preview Content";
			sourceTree = "<group>";
		};
		B0F4D3FE2E42E4CF0047476A /* inaraTests */ = {
			isa = PBXGroup;
			children = (
				B0F4D3FF2E42E4CF0047476A /* inaraTests.swift */,
			);
			path = inaraTests;
			sourceTree = "<group>";
		};
		B0F4D4082E42E4CF0047476A /* inaraUITests */ = {
			isa = PBXGroup;
			children = (
				B0F4D4092E42E4CF0047476A /* inaraUITests.swift */,
				B0F4D40B2E42E4CF0047476A /* inaraUITestsLaunchTests.swift */,
			);
			path = inaraUITests;
			sourceTree = "<group>";
		};
/* End PBXGroup section */

/* Begin PBXNativeTarget section */
		B0F4D3EA2E42E4CC0047476A /* inara */ = {
			isa = PBXNativeTarget;
			buildConfigurationList = B0F4D40F2E42E4CF0047476A /* Build configuration list for PBXNativeTarget "inara" */;
			buildPhases = (
				B0F4D3E72E42E4CC0047476A /* Sources */,
				B0F4D3E82E42E4CC0047476A /* Frameworks */,
				B0F4D3E92E42E4CC0047476A /* Resources */,
			);
			buildRules = (
			);
			dependencies = (
			);
			fileSystemSynchronizedGroups = (
				B096647E2E6DEEA200A8EC91 /* audio */,
				B0BED61B2F12D5C2005EB989 /* AI */,
			);
			name = inara;
			productName = inara;
			productReference = B0F4D3EB2E42E4CC0047476A /* inara.app */;
			productType = "com.apple.product-type.application";
		};
		B0F4D3FA2E42E4CF0047476A /* inaraTests */ = {
			isa = PBXNativeTarget;
			buildConfigurationList = B0F4D4122E42E4CF0047476A /* Build configuration list for PBXNativeTarget "inaraTests" */;
			buildPhases = (
				B0F4D3F72E42E4CF0047476A /* Sources */,
				B0F4D3F82E42E4CF0047476A /* Frameworks */,
				B0F4D3F92E42E4CF0047476A /* Resources */,
			);
			buildRules = (
			);
			dependencies = (
				B0F4D3FD2E42E4CF0047476A /* PBXTargetDependency */,
			);
			fileSystemSynchronizedGroups = (
				B096647E2E6DEEA200A8EC91 /* audio */,
				B0BED61B2F12D5C2005EB989 /* AI */,
			);
			name = inaraTests;
			productName = inaraTests;
			productReference = B0F4D3FB2E42E4CF0047476A /* inaraTests.xctest */;
			productType = "com.apple.product-type.bundle.unit-test";
		};
		B0F4D4042E42E4CF0047476A /* inaraUITests */ = {
			isa = PBXNativeTarget;
			buildConfigurationList = B0F4D4152E42E4CF0047476A /* Build configuration list for PBXNativeTarget "inaraUITests" */;
			buildPhases = (
				B0F4D4012E42E4CF0047476A /* Sources */,
				B0F4D4022E42E4CF0047476A /* Frameworks */,
				B0F4D4032E42E4CF0047476A /* Resources */,
			);
			buildRules = (
			);
			dependencies = (
				B0F4D4072E42E4CF0047476A /* PBXTargetDependency */,
			);
			fileSystemSynchronizedGroups = (
				B096647E2E6DEEA200A8EC91 /* audio */,
				B0BED61B2F12D5C2005EB989 /* AI */,
			);
			name = inaraUITests;
			productName = inaraUITests;
			productReference = B0F4D4052E42E4CF0047476A /* inaraUITests.xctest */;
			productType = "com.apple.product-type.bundle.ui-testing";
		};
/* End PBXNativeTarget section */

/* Begin PBXProject section */
		B0F4D3E32E42E4CC0047476A /* Project object */ = {
			isa = PBXProject;
			attributes = {
				BuildIndependentTargetsInParallel = 1;
				LastSwiftUpdateCheck = 1540;
				LastUpgradeCheck = 2620;
				TargetAttributes = {
					B0F4D3EA2E42E4CC0047476A = {
						CreatedOnToolsVersion = 15.4;
					};
					B0F4D3FA2E42E4CF0047476A = {
						CreatedOnToolsVersion = 15.4;
						TestTargetID = B0F4D3EA2E42E4CC0047476A;
					};
					B0F4D4042E42E4CF0047476A = {
						CreatedOnToolsVersion = 15.4;
						TestTargetID = B0F4D3EA2E42E4CC0047476A;
					};
				};
			};
			buildConfigurationList = B0F4D3E62E42E4CC0047476A /* Build configuration list for PBXProject "inara" */;
			compatibilityVersion = "Xcode 14.0";
			developmentRegion = en;
			hasScannedForEncodings = 0;
			knownRegions = (
				en,
				Base,
			);
			mainGroup = B0F4D3E22E42E4CC0047476A;
			packageReferences = (
				B0E2BEB22F08A37A00C51B34 /* XCRemoteSwiftPackageReference "firebase-ios-sdk" */,
			);
			productRefGroup = B0F4D3EC2E42E4CC0047476A /* Products */;
			projectDirPath = "";
			projectRoot = "";
			targets = (
				B0F4D3EA2E42E4CC0047476A /* inara */,
				B0F4D3FA2E42E4CF0047476A /* inaraTests */,
				B0F4D4042E42E4CF0047476A /* inaraUITests */,
			);
		};
/* End PBXProject section */

/* Begin PBXResourcesBuildPhase section */
		B0F4D3E92E42E4CC0047476A /* Resources */ = {
			isa = PBXResourcesBuildPhase;
			buildActionMask = 2147483647;
			files = (
				B0E2BEBE2F08A5F700C51B34 /* GoogleService-Info.plist in Resources */,
				B0F4D3F62E42E4CE0047476A /* Preview Assets.xcassets in Resources */,
				B0B48B082E59FD900035A15C /* color.xcassets in Resources */,
				B0F4D3F32E42E4CE0047476A /* Assets.xcassets in Resources */,
				B08B44762EF9CF82001BD5F7 /* Launch Screen.storyboard in Resources */,
			);
			runOnlyForDeploymentPostprocessing = 0;
		};
		B0F4D3F92E42E4CF0047476A /* Resources */ = {
			isa = PBXResourcesBuildPhase;
			buildActionMask = 2147483647;
			files = (
				B08B44742EF9CF82001BD5F7 /* Launch Screen.storyboard in Resources */,
				B0E2BEC52F08A78500C51B34 /* Info.plist in Resources */,
				B0E2BEC02F08A5F700C51B34 /* GoogleService-Info.plist in Resources */,
			);
			runOnlyForDeploymentPostprocessing = 0;
		};
		B0F4D4032E42E4CF0047476A /* Resources */ = {
			isa = PBXResourcesBuildPhase;
			buildActionMask = 2147483647;
			files = (
				B08B44752EF9CF82001BD5F7 /* Launch Screen.storyboard in Resources */,
				B0E2BEC42F08A78500C51B34 /* Info.plist in Resources */,
				B0E2BEBF2F08A5F700C51B34 /* GoogleService-Info.plist in Resources */,
			);
			runOnlyForDeploymentPostprocessing = 0;
		};
/* End PBXResourcesBuildPhase section */

/* Begin PBXSourcesBuildPhase section */
		B0F4D3E72E42E4CC0047476A /* Sources */ = {
			isa = PBXSourcesBuildPhase;
			buildActionMask = 2147483647;
			files = (
				B0E2BEBA2F08A52200C51B34 /* AppDelegate.swift in Sources */,
				B0F4D3F12E42E4CC0047476A /* ContentView.swift in Sources */,
				B0CCAD2B2F0AE27200B11D9D /* SettingsView.swift in Sources */,
				B09A721D2F05B0DD000BF231 /* MeditationPlayerViewModel.swift in Sources */,
				B0BED60C2F12C9DB005EB989 /* ReflectionInputView.swift in Sources */,
				B096638D2E5D3AD800A8EC91 /* MeditationCard.swift in Sources */,
				B0CCAE6D2F0CB8CA00B11D9D /* PreMeditationGuidance.swift in Sources */,
				B0F4D3EF2E42E4CC0047476A /* inaraApp.swift in Sources */,
				B09A720F2F05B05D000BF231 /* AppTheme.swift in Sources */,
				B0E2BE962F06C94800C51B34 /* OnboardingHScrollDataModel.swift in Sources */,
				B0E2BE9B2F06E82300C51B34 /* AuthView.swift in Sources */,
				B0CCAD392F0AF9AF00B11D9D /* ProfileService.swift in Sources */,
				B0E2BE7F2F060CCA00C51B34 /* OutlineButton.swift in Sources */,
				B08B44682EF8DAF1001BD5F7 /* MeditationsDataModel.swift in Sources */,
				B09A709A2F0100B5000BF231 /* MeditationAudioEngine.swift in Sources */,
				B0E2BE862F06332900C51B34 /* OnboardingHScroll.swift in Sources */,
				B09A70972F00506C000BF231 /* MeditationViewModel.swift in Sources */,
				B09A72132F05B094000BF231 /* VolumeSlider.swift in Sources */,
				B0E2BEA02F071F3500C51B34 /* SafariView.swift in Sources */,
				B0BED6222F12D917005EB989 /* AIClient.swift in Sources */,
				B0BED6232F12D917005EB989 /* Secrets.swift in Sources */,
				B09663862E5BF1ED00A8EC91 /* BottomSheetView.swift in Sources */,
				B09A72162F05B0A4000BF231 /* LogoView.swift in Sources */,
				B0E2BE822F062E3900C51B34 /* OnboardingHScrollCard.swift in Sources */,
				B0E2BE8C2F06C79F00C51B34 /* OnboardingHScrollViewModel.swift in Sources */,
				B0CCAE5F2F0CA96B00B11D9D /* Date+NaturalContext.swift in Sources */,
				B0CCAD412F0B021E00B11D9D /* SettingsViewModel.swift in Sources */,
				B096639A2E64972000A8EC91 /* MeditationDetailView.swift in Sources */,
				B0CCAD3E2F0B018B00B11D9D /* UserProfileModel.swift in Sources */,
				B0CCAE552F0CA4CB00B11D9D /* RippleView.swift in Sources */,
				B09663872E5BF1ED00A8EC91 /* MeditationPlayerView.swift in Sources */,
				B0BED6102F12D11D005EB989 /* SomaProfile.swift in Sources */,
				B09663882E5BF1ED00A8EC91 /* MeditationsListView.swift in Sources */,
			);
			runOnlyForDeploymentPostprocessing = 0;
		};
		B0F4D3F72E42E4CF0047476A /* Sources */ = {
			isa = PBXSourcesBuildPhase;
			buildActionMask = 2147483647;
			files = (
				B0CCAE5D2F0CA96B00B11D9D /* Date+NaturalContext.swift in Sources */,
				B0CCAE562F0CA4CB00B11D9D /* RippleView.swift in Sources */,
				B08B44692EF8DAF1001BD5F7 /* MeditationsDataModel.swift in Sources */,
				B09663822E5BF1ED00A8EC91 /* BottomSheetView.swift in Sources */,
				B09663992E64972000A8EC91 /* MeditationDetailView.swift in Sources */,
				B0CCAE6B2F0CB8C900B11D9D /* PreMeditationGuidance.swift in Sources */,
				B09A70982F00506C000BF231 /* MeditationViewModel.swift in Sources */,
				B0E2BE9F2F071F3500C51B34 /* SafariView.swift in Sources */,
				B09A72112F05B094000BF231 /* VolumeSlider.swift in Sources */,
				B0CCAD2A2F0AE27200B11D9D /* SettingsView.swift in Sources */,
				B09663832E5BF1ED00A8EC91 /* MeditationPlayerView.swift in Sources */,
				B09A721E2F05B0DD000BF231 /* MeditationPlayerViewModel.swift in Sources */,
				B096638E2E5D3AD800A8EC91 /* MeditationCard.swift in Sources */,
				B0CCAD422F0B021E00B11D9D /* SettingsViewModel.swift in Sources */,
				B0E2BE9C2F06E82300C51B34 /* AuthView.swift in Sources */,
				B0BED6122F12D11D005EB989 /* SomaProfile.swift in Sources */,
				B0E2BE832F062E3900C51B34 /* OnboardingHScrollCard.swift in Sources */,
				B09A709B2F0100B5000BF231 /* MeditationAudioEngine.swift in Sources */,
				B09A720D2F05B05D000BF231 /* AppTheme.swift in Sources */,
				B0E2BE7E2F060CCA00C51B34 /* OutlineButton.swift in Sources */,
				B0E2BE872F06332900C51B34 /* OnboardingHScroll.swift in Sources */,
				B09A72172F05B0A4000BF231 /* LogoView.swift in Sources */,
				B0CCAD3A2F0AF9AF00B11D9D /* ProfileService.swift in Sources */,
				B0E2BE982F06C94800C51B34 /* OnboardingHScrollDataModel.swift in Sources */,
				B0E2BE8B2F06C79F00C51B34 /* OnboardingHScrollViewModel.swift in Sources */,
				B0CCAD3F2F0B018B00B11D9D /* UserProfileModel.swift in Sources */,
				B0BED6242F12D917005EB989 /* AIClient.swift in Sources */,
				B0BED6252F12D917005EB989 /* Secrets.swift in Sources */,
				B0E2BEBC2F08A52200C51B34 /* AppDelegate.swift in Sources */,
				B0BED60D2F12C9DB005EB989 /* ReflectionInputView.swift in Sources */,
				B09663842E5BF1ED00A8EC91 /* MeditationsListView.swift in Sources */,
				B0F4D4002E42E4CF0047476A /* inaraTests.swift in Sources */,
			);
			runOnlyForDeploymentPostprocessing = 0;
		};
		B0F4D4012E42E4CF0047476A /* Sources */ = {
			isa = PBXSourcesBuildPhase;
			buildActionMask = 2147483647;
			files = (
				B0E2BEBB2F08A52200C51B34 /* AppDelegate.swift in Sources */,
				B0F4D40C2E42E4CF0047476A /* inaraUITestsLaunchTests.swift in Sources */,
				B0CCAD292F0AE27200B11D9D /* SettingsView.swift in Sources */,
				B09A721F2F05B0DD000BF231 /* MeditationPlayerViewModel.swift in Sources */,
				B0BED60E2F12C9DB005EB989 /* ReflectionInputView.swift in Sources */,
				B096638C2E5D3AD800A8EC91 /* MeditationCard.swift in Sources */,
				B0CCAE6C2F0CB8CA00B11D9D /* PreMeditationGuidance.swift in Sources */,
				B0F4D40A2E42E4CF0047476A /* inaraUITests.swift in Sources */,
				B09A720E2F05B05D000BF231 /* AppTheme.swift in Sources */,
				B0E2BE972F06C94800C51B34 /* OnboardingHScrollDataModel.swift in Sources */,
				B0E2BE9A2F06E82300C51B34 /* AuthView.swift in Sources */,
				B0CCAD3B2F0AF9AF00B11D9D /* ProfileService.swift in Sources */,
				B0E2BE802F060CCA00C51B34 /* OutlineButton.swift in Sources */,
				B08B446A2EF8DAF1001BD5F7 /* MeditationsDataModel.swift in Sources */,
				B09A709C2F0100B5000BF231 /* MeditationAudioEngine.swift in Sources */,
				B0E2BE882F06332900C51B34 /* OnboardingHScroll.swift in Sources */,
				B09A70962F00506C000BF231 /* MeditationViewModel.swift in Sources */,
				B09A72122F05B094000BF231 /* VolumeSlider.swift in Sources */,
				B0E2BE9E2F071F3500C51B34 /* SafariView.swift in Sources */,
				B0BED6262F12D917005EB989 /* AIClient.swift in Sources */,
				B0BED6272F12D917005EB989 /* Secrets.swift in Sources */,
				B096637E2E5BF1ED00A8EC91 /* BottomSheetView.swift in Sources */,
				B09A72152F05B0A4000BF231 /* LogoView.swift in Sources */,
				B0E2BE842F062E3900C51B34 /* OnboardingHScrollCard.swift in Sources */,
				B0E2BE8A2F06C79F00C51B34 /* OnboardingHScrollViewModel.swift in Sources */,
				B0CCAE5E2F0CA96B00B11D9D /* Date+NaturalContext.swift in Sources */,
				B0CCAD432F0B021E00B11D9D /* SettingsViewModel.swift in Sources */,
				B096639B2E64972000A8EC91 /* MeditationDetailView.swift in Sources */,
				B0CCAD3D2F0B018B00B11D9D /* UserProfileModel.swift in Sources */,
				B0CCAE542F0CA4CB00B11D9D /* RippleView.swift in Sources */,
				B096637F2E5BF1ED00A8EC91 /* MeditationPlayerView.swift in Sources */,
				B0BED6112F12D11D005EB989 /* SomaProfile.swift in Sources */,
				B09663802E5BF1ED00A8EC91 /* MeditationsListView.swift in Sources */,
			);
			runOnlyForDeploymentPostprocessing = 0;
		};
/* End PBXSourcesBuildPhase section */

/* Begin PBXTargetDependency section */
		B0F4D3FD2E42E4CF0047476A /* PBXTargetDependency */ = {
			isa = PBXTargetDependency;
			target = B0F4D3EA2E42E4CC0047476A /* inara */;
			targetProxy = B0F4D3FC2E42E4CF0047476A /* PBXContainerItemProxy */;
		};
		B0F4D4072E42E4CF0047476A /* PBXTargetDependency */ = {
			isa = PBXTargetDependency;
			target = B0F4D3EA2E42E4CC0047476A /* inara */;
			targetProxy = B0F4D4062E42E4CF0047476A /* PBXContainerItemProxy */;
		};
/* End PBXTargetDependency section */

/* Begin XCBuildConfiguration section */
		B0F4D40D2E42E4CF0047476A /* Debug */ = {
			isa = XCBuildConfiguration;
			buildSettings = {
				ALWAYS_SEARCH_USER_PATHS = NO;
				ASSETCATALOG_COMPILER_GENERATE_SWIFT_ASSET_SYMBOL_EXTENSIONS = YES;
				CLANG_ANALYZER_NONNULL = YES;
				CLANG_ANALYZER_NUMBER_OBJECT_CONVERSION = YES_AGGRESSIVE;
				CLANG_CXX_LANGUAGE_STANDARD = "gnu++20";
				CLANG_ENABLE_MODULES = YES;
				CLANG_ENABLE_OBJC_ARC = YES;
				CLANG_ENABLE_OBJC_WEAK = YES;
				CLANG_WARN_BLOCK_CAPTURE_AUTORELEASING = YES;
				CLANG_WARN_BOOL_CONVERSION = YES;
				CLANG_WARN_COMMA = YES;
				CLANG_WARN_CONSTANT_CONVERSION = YES;
				CLANG_WARN_DEPRECATED_OBJC_IMPLEMENTATIONS = YES;
				CLANG_WARN_DIRECT_OBJC_ISA_USAGE = YES_ERROR;
				CLANG_WARN_DOCUMENTATION_COMMENTS = YES;
				CLANG_WARN_EMPTY_BODY = YES;
				CLANG_WARN_ENUM_CONVERSION = YES;
				CLANG_WARN_INFINITE_RECURSION = YES;
				CLANG_WARN_INT_CONVERSION = YES;
				CLANG_WARN_NON_LITERAL_NULL_CONVERSION = YES;
				CLANG_WARN_OBJC_IMPLICIT_RETAIN_SELF = YES;
				CLANG_WARN_OBJC_LITERAL_CONVERSION = YES;
				CLANG_WARN_OBJC_ROOT_CLASS = YES_ERROR;
				CLANG_WARN_QUOTED_INCLUDE_IN_FRAMEWORK_HEADER = YES;
				CLANG_WARN_RANGE_LOOP_ANALYSIS = YES;
				CLANG_WARN_STRICT_PROTOTYPES = YES;
				CLANG_WARN_SUSPICIOUS_MOVE = YES;
				CLANG_WARN_UNGUARDED_AVAILABILITY = YES_AGGRESSIVE;
				CLANG_WARN_UNREACHABLE_CODE = YES;
				CLANG_WARN__DUPLICATE_METHOD_MATCH = YES;
				COPY_PHASE_STRIP = NO;
				DEBUG_INFORMATION_FORMAT = dwarf;
				DEVELOPMENT_TEAM = U668G2J3SS;
				ENABLE_STRICT_OBJC_MSGSEND = YES;
				ENABLE_TESTABILITY = YES;
				ENABLE_USER_SCRIPT_SANDBOXING = YES;
				GCC_C_LANGUAGE_STANDARD = gnu17;
				GCC_DYNAMIC_NO_PIC = NO;
				GCC_NO_COMMON_BLOCKS = YES;
				GCC_OPTIMIZATION_LEVEL = 0;
				GCC_PREPROCESSOR_DEFINITIONS = (
					"DEBUG=1",
					"$(inherited)",
				);
				GCC_WARN_64_TO_32_BIT_CONVERSION = YES;
				GCC_WARN_ABOUT_RETURN_TYPE = YES_ERROR;
				GCC_WARN_UNDECLARED_SELECTOR = YES;
				GCC_WARN_UNINITIALIZED_AUTOS = YES_AGGRESSIVE;
				GCC_WARN_UNUSED_FUNCTION = YES;
				GCC_WARN_UNUSED_VARIABLE = YES;
				IPHONEOS_DEPLOYMENT_TARGET = 17.5;
				LOCALIZATION_PREFERS_STRING_CATALOGS = YES;
				MTL_ENABLE_DEBUG_INFO = INCLUDE_SOURCE;
				MTL_FAST_MATH = YES;
				ONLY_ACTIVE_ARCH = YES;
				SDKROOT = iphoneos;
				STRING_CATALOG_GENERATE_SYMBOLS = YES;
				SWIFT_ACTIVE_COMPILATION_CONDITIONS = "DEBUG $(inherited)";
				SWIFT_OPTIMIZATION_LEVEL = "-Onone";
			};
			name = Debug;
		};
		B0F4D40E2E42E4CF0047476A /* Release */ = {
			isa = XCBuildConfiguration;
			buildSettings = {
				ALWAYS_SEARCH_USER_PATHS = NO;
				ASSETCATALOG_COMPILER_GENERATE_SWIFT_ASSET_SYMBOL_EXTENSIONS = YES;
				CLANG_ANALYZER_NONNULL = YES;
				CLANG_ANALYZER_NUMBER_OBJECT_CONVERSION = YES_AGGRESSIVE;
				CLANG_CXX_LANGUAGE_STANDARD = "gnu++20";
				CLANG_ENABLE_MODULES = YES;
				CLANG_ENABLE_OBJC_ARC = YES;
				CLANG_ENABLE_OBJC_WEAK = YES;
				CLANG_WARN_BLOCK_CAPTURE_AUTORELEASING = YES;
				CLANG_WARN_BOOL_CONVERSION = YES;
				CLANG_WARN_COMMA = YES;
				CLANG_WARN_CONSTANT_CONVERSION = YES;
				CLANG_WARN_DEPRECATED_OBJC_IMPLEMENTATIONS = YES;
				CLANG_WARN_DIRECT_OBJC_ISA_USAGE = YES_ERROR;
				CLANG_WARN_DOCUMENTATION_COMMENTS = YES;
				CLANG_WARN_EMPTY_BODY = YES;
				CLANG_WARN_ENUM_CONVERSION = YES;
				CLANG_WARN_INFINITE_RECURSION = YES;
				CLANG_WARN_INT_CONVERSION = YES;
				CLANG_WARN_NON_LITERAL_NULL_CONVERSION = YES;
				CLANG_WARN_OBJC_IMPLICIT_RETAIN_SELF = YES;
				CLANG_WARN_OBJC_LITERAL_CONVERSION = YES;
				CLANG_WARN_OBJC_ROOT_CLASS = YES_ERROR;
				CLANG_WARN_QUOTED_INCLUDE_IN_FRAMEWORK_HEADER = YES;
				CLANG_WARN_RANGE_LOOP_ANALYSIS = YES;
				CLANG_WARN_STRICT_PROTOTYPES = YES;
				CLANG_WARN_SUSPICIOUS_MOVE = YES;
				CLANG_WARN_UNGUARDED_AVAILABILITY = YES_AGGRESSIVE;
				CLANG_WARN_UNREACHABLE_CODE = YES;
				CLANG_WARN__DUPLICATE_METHOD_MATCH = YES;
				COPY_PHASE_STRIP = NO;
				DEBUG_INFORMATION_FORMAT = "dwarf-with-dsym";
				DEVELOPMENT_TEAM = U668G2J3SS;
				ENABLE_NS_ASSERTIONS = NO;
				ENABLE_STRICT_OBJC_MSGSEND = YES;
				ENABLE_USER_SCRIPT_SANDBOXING = YES;
				GCC_C_LANGUAGE_STANDARD = gnu17;
				GCC_NO_COMMON_BLOCKS = YES;
				GCC_WARN_64_TO_32_BIT_CONVERSION = YES;
				GCC_WARN_ABOUT_RETURN_TYPE = YES_ERROR;
				GCC_WARN_UNDECLARED_SELECTOR = YES;
				GCC_WARN_UNINITIALIZED_AUTOS = YES_AGGRESSIVE;
				GCC_WARN_UNUSED_FUNCTION = YES;
				GCC_WARN_UNUSED_VARIABLE = YES;
				IPHONEOS_DEPLOYMENT_TARGET = 17.5;
				LOCALIZATION_PREFERS_STRING_CATALOGS = YES;
				MTL_ENABLE_DEBUG_INFO = NO;
				MTL_FAST_MATH = YES;
				SDKROOT = iphoneos;
				STRING_CATALOG_GENERATE_SYMBOLS = YES;
				SWIFT_COMPILATION_MODE = wholemodule;
				VALIDATE_PRODUCT = YES;
			};
			name = Release;
		};
		B0F4D4102E42E4CF0047476A /* Debug */ = {
			isa = XCBuildConfiguration;
			buildSettings = {
				ASSETCATALOG_COMPILER_APPICON_NAME = AppIcon;
				ASSETCATALOG_COMPILER_GLOBAL_ACCENT_COLOR_NAME = AccentColor;
				CODE_SIGN_ENTITLEMENTS = inara/inara.entitlements;
				CODE_SIGN_STYLE = Automatic;
				CURRENT_PROJECT_VERSION = 1;
				DEVELOPMENT_ASSET_PATHS = "\"inara/Preview Content\"";
				ENABLE_PREVIEWS = YES;
				GENERATE_INFOPLIST_FILE = YES;
				INFOPLIST_FILE = inara/Info.plist;
				INFOPLIST_KEY_UIApplicationSceneManifest_Generation = YES;
				INFOPLIST_KEY_UIApplicationSupportsIndirectInputEvents = YES;
				INFOPLIST_KEY_UILaunchScreen_Generation = YES;
				INFOPLIST_KEY_UIStatusBarHidden = NO;
				INFOPLIST_KEY_UISupportedInterfaceOrientations = UIInterfaceOrientationPortrait;
				LD_RUNPATH_SEARCH_PATHS = (
					"$(inherited)",
					"@executable_path/Frameworks",
				);
				MARKETING_VERSION = 1.0;
				PRODUCT_BUNDLE_IDENTIFIER = Inara.inara;
				PRODUCT_NAME = "$(TARGET_NAME)";
				SWIFT_EMIT_LOC_STRINGS = YES;
				SWIFT_VERSION = 5.0;
				TARGETED_DEVICE_FAMILY = 1;
			};
			name = Debug;
		};
		B0F4D4112E42E4CF0047476A /* Release */ = {
			isa = XCBuildConfiguration;
			buildSettings = {
				ASSETCATALOG_COMPILER_APPICON_NAME = AppIcon;
				ASSETCATALOG_COMPILER_GLOBAL_ACCENT_COLOR_NAME = AccentColor;
				CODE_SIGN_ENTITLEMENTS = inara/inara.entitlements;
				CODE_SIGN_STYLE = Automatic;
				CURRENT_PROJECT_VERSION = 1;
				DEVELOPMENT_ASSET_PATHS = "\"inara/Preview Content\"";
				ENABLE_PREVIEWS = YES;
				GENERATE_INFOPLIST_FILE = YES;
				INFOPLIST_FILE = inara/Info.plist;
				INFOPLIST_KEY_UIApplicationSceneManifest_Generation = YES;
				INFOPLIST_KEY_UIApplicationSupportsIndirectInputEvents = YES;
				INFOPLIST_KEY_UILaunchScreen_Generation = YES;
				INFOPLIST_KEY_UIStatusBarHidden = NO;
				INFOPLIST_KEY_UISupportedInterfaceOrientations = UIInterfaceOrientationPortrait;
				LD_RUNPATH_SEARCH_PATHS = (
					"$(inherited)",
					"@executable_path/Frameworks",
				);
				MARKETING_VERSION = 1.0;
				PRODUCT_BUNDLE_IDENTIFIER = Inara.inara;
				PRODUCT_NAME = "$(TARGET_NAME)";
				SWIFT_EMIT_LOC_STRINGS = YES;
				SWIFT_VERSION = 5.0;
				TARGETED_DEVICE_FAMILY = 1;
			};
			name = Release;
		};
		B0F4D4132E42E4CF0047476A /* Debug */ = {
			isa = XCBuildConfiguration;
			buildSettings = {
				BUNDLE_LOADER = "$(TEST_HOST)";
				CODE_SIGN_STYLE = Automatic;
				CURRENT_PROJECT_VERSION = 1;
				GENERATE_INFOPLIST_FILE = YES;
				IPHONEOS_DEPLOYMENT_TARGET = 17.5;
				MARKETING_VERSION = 1.0;
				PRODUCT_BUNDLE_IDENTIFIER = Inara.inaraTests;
				PRODUCT_NAME = "$(TARGET_NAME)";
				SWIFT_EMIT_LOC_STRINGS = NO;
				SWIFT_VERSION = 5.0;
				TARGETED_DEVICE_FAMILY = 1;
				TEST_HOST = "$(BUILT_PRODUCTS_DIR)/inara.app/$(BUNDLE_EXECUTABLE_FOLDER_PATH)/inara";
			};
			name = Debug;
		};
		B0F4D4142E42E4CF0047476A /* Release */ = {
			isa = XCBuildConfiguration;
			buildSettings = {
				BUNDLE_LOADER = "$(TEST_HOST)";
				CODE_SIGN_STYLE = Automatic;
				CURRENT_PROJECT_VERSION = 1;
				GENERATE_INFOPLIST_FILE = YES;
				IPHONEOS_DEPLOYMENT_TARGET = 17.5;
				MARKETING_VERSION = 1.0;
				PRODUCT_BUNDLE_IDENTIFIER = Inara.inaraTests;
				PRODUCT_NAME = "$(TARGET_NAME)";
				SWIFT_EMIT_LOC_STRINGS = NO;
				SWIFT_VERSION = 5.0;
				TARGETED_DEVICE_FAMILY = 1;
				TEST_HOST = "$(BUILT_PRODUCTS_DIR)/inara.app/$(BUNDLE_EXECUTABLE_FOLDER_PATH)/inara";
			};
			name = Release;
		};
		B0F4D4162E42E4CF0047476A /* Debug */ = {
			isa = XCBuildConfiguration;
			buildSettings = {
				CODE_SIGN_STYLE = Automatic;
				CURRENT_PROJECT_VERSION = 1;
				GENERATE_INFOPLIST_FILE = YES;
				MARKETING_VERSION = 1.0;
				PRODUCT_BUNDLE_IDENTIFIER = Inara.inaraUITests;
				PRODUCT_NAME = "$(TARGET_NAME)";
				SWIFT_EMIT_LOC_STRINGS = NO;
				SWIFT_VERSION = 5.0;
				TARGETED_DEVICE_FAMILY = 1;
				TEST_TARGET_NAME = inara;
			};
			name = Debug;
		};
		B0F4D4172E42E4CF0047476A /* Release */ = {
			isa = XCBuildConfiguration;
			buildSettings = {
				CODE_SIGN_STYLE = Automatic;
				CURRENT_PROJECT_VERSION = 1;
				GENERATE_INFOPLIST_FILE = YES;
				MARKETING_VERSION = 1.0;
				PRODUCT_BUNDLE_IDENTIFIER = Inara.inaraUITests;
				PRODUCT_NAME = "$(TARGET_NAME)";
				SWIFT_EMIT_LOC_STRINGS = NO;
				SWIFT_VERSION = 5.0;
				TARGETED_DEVICE_FAMILY = 1;
				TEST_TARGET_NAME = inara;
			};
			name = Release;
		};
/* End XCBuildConfiguration section */

/* Begin XCConfigurationList section */
		B0F4D3E62E42E4CC0047476A /* Build configuration list for PBXProject "inara" */ = {
			isa = XCConfigurationList;
			buildConfigurations = (
				B0F4D40D2E42E4CF0047476A /* Debug */,
				B0F4D40E2E42E4CF0047476A /* Release */,
			);
			defaultConfigurationIsVisible = 0;
			defaultConfigurationName = Release;
		};
		B0F4D40F2E42E4CF0047476A /* Build configuration list for PBXNativeTarget "inara" */ = {
			isa = XCConfigurationList;
			buildConfigurations = (
				B0F4D4102E42E4CF0047476A /* Debug */,
				B0F4D4112E42E4CF0047476A /* Release */,
			);
			defaultConfigurationIsVisible = 0;
			defaultConfigurationName = Release;
		};
		B0F4D4122E42E4CF0047476A /* Build configuration list for PBXNativeTarget "inaraTests" */ = {
			isa = XCConfigurationList;
			buildConfigurations = (
				B0F4D4132E42E4CF0047476A /* Debug */,
				B0F4D4142E42E4CF0047476A /* Release */,
			);
			defaultConfigurationIsVisible = 0;
			defaultConfigurationName = Release;
		};
		B0F4D4152E42E4CF0047476A /* Build configuration list for PBXNativeTarget "inaraUITests" */ = {
			isa = XCConfigurationList;
			buildConfigurations = (
				B0F4D4162E42E4CF0047476A /* Debug */,
				B0F4D4172E42E4CF0047476A /* Release */,
			);
			defaultConfigurationIsVisible = 0;
			defaultConfigurationName = Release;
		};
/* End XCConfigurationList section */

/* Begin XCRemoteSwiftPackageReference section */
		B0E2BEB22F08A37A00C51B34 /* XCRemoteSwiftPackageReference "firebase-ios-sdk" */ = {
			isa = XCRemoteSwiftPackageReference;
			repositoryURL = "https://github.com/firebase/firebase-ios-sdk";
			requirement = {
				kind = upToNextMajorVersion;
				minimumVersion = 12.7.0;
			};
		};
/* End XCRemoteSwiftPackageReference section */

/* Begin XCSwiftPackageProductDependency section */
		B0E2BEB32F08A37A00C51B34 /* FirebaseAnalytics */ = {
			isa = XCSwiftPackageProductDependency;
			package = B0E2BEB22F08A37A00C51B34 /* XCRemoteSwiftPackageReference "firebase-ios-sdk" */;
			productName = FirebaseAnalytics;
		};
		B0E2BEB52F08A37A00C51B34 /* FirebaseAuth */ = {
			isa = XCSwiftPackageProductDependency;
			package = B0E2BEB22F08A37A00C51B34 /* XCRemoteSwiftPackageReference "firebase-ios-sdk" */;
			productName = FirebaseAuth;
		};
		B0E2BEB72F08A37A00C51B34 /* FirebaseFirestore */ = {
			isa = XCSwiftPackageProductDependency;
			package = B0E2BEB22F08A37A00C51B34 /* XCRemoteSwiftPackageReference "firebase-ios-sdk" */;
			productName = FirebaseFirestore;
		};
/* End XCSwiftPackageProductDependency section */
	};
	rootObject = B0F4D3E32E42E4CC0047476A /* Project object */;
}
